
Microsoft Visual Studio Solution File, Format Version 11.00
# Visual Studio 2010
Project("{FAE04EC0-301F-11D3-BF4B-00C04F79EFBC}") = "WaveBox", "WaveBox\WaveBox.csproj", "{1BD36BD2-A6D7-4332-A0F2-42AA2B34FC68}"
EndProject
Global
	GlobalSection(SolutionConfigurationPlatforms) = preSolution
		Debug|x86 = Debug|x86
		Release|x86 = Release|x86
	EndGlobalSection
	GlobalSection(ProjectConfigurationPlatforms) = postSolution
		{1BD36BD2-A6D7-4332-A0F2-42AA2B34FC68}.Debug|x86.ActiveCfg = Debug|x86
		{1BD36BD2-A6D7-4332-A0F2-42AA2B34FC68}.Debug|x86.Build.0 = Debug|x86
		{1BD36BD2-A6D7-4332-A0F2-42AA2B34FC68}.Release|x86.ActiveCfg = Release|x86
		{1BD36BD2-A6D7-4332-A0F2-42AA2B34FC68}.Release|x86.Build.0 = Release|x86
	EndGlobalSection
	GlobalSection(MonoDevelopProperties) = preSolution
		StartupItem = WaveBox\WaveBox.csproj
		Policies = $0
		$0.DotNetNamingPolicy = $1
		$1.DirectoryNamespaceAssociation = None
		$1.ResourceNamePolicy = FileFormatDefault
		$0.TextStylePolicy = $2
		$2.inheritsSet = null
		$2.scope = text/x-csharp
		$0.CSharpFormattingPolicy = $3
		$3.PropertyBraceStyle = DoNotChange
		$3.PropertyGetBraceStyle = DoNotChange
		$3.PropertySetBraceStyle = DoNotChange
		$3.EventBraceStyle = DoNotChange
		$3.EventAddBraceStyle = DoNotChange
		$3.EventRemoveBraceStyle = DoNotChange
		$3.StatementBraceStyle = NextLine
		$3.IfElseBraceForcement = AddBraces
		$3.ForBraceForcement = AddBraces
		$3.WhileBraceForcement = AddBraces
		$3.UsingBraceForcement = AddBraces
		$3.FixedBraceForcement = AddBraces
		$3.ElseNewLinePlacement = NewLine
		$3.ElseIfNewLinePlacement = SameLine
		$3.CatchNewLinePlacement = NewLine
		$3.FinallyNewLinePlacement = NewLine
		$3.WhileNewLinePlacement = NewLine
		$3.ArrayInitializerWrapping = DoNotChange
		$3.BeforeMethodDeclarationParentheses = False
		$3.BeforeMethodCallParentheses = False
		$3.BeforeConstructorDeclarationParentheses = False
		$3.BeforeIndexerDeclarationBracket = False
		$3.BeforeDelegateDeclarationParentheses = False
		$3.AfterDelegateDeclarationParameterComma = True
		$3.NewParentheses = False
		$3.IfParentheses = False
		$3.WhileParentheses = False
		$3.ForParentheses = False
		$3.ForeachParentheses = False
		$3.CatchParentheses = False
		$3.SwitchParentheses = False
		$3.LockParentheses = False
		$3.UsingParentheses = False
		$3.SpacesBeforeBrackets = False
		$3.inheritsSet = Mono
		$3.inheritsScope = text/x-csharp
		$3.scope = text/x-csharp
	EndGlobalSection
	GlobalSection(SolutionProperties) = preSolution
		HideSolutionNode = FALSE
	EndGlobalSection
EndGlobal
